// !$*UTF8*$!
{
	archiveVersion = 1;
	classes = {
	};
	objectVersion = 46;
	objects = {

/* Begin PBXBuildFile section */
		1007EE1B17334D3200514AAD /* BatCharacter.m in Sources */ = {isa = PBXBuildFile; fileRef = 1007EE1A17334D3200514AAD /* BatCharacter.m */; };
		1007EE1F17335E0100514AAD /* TitlePageViewController.m in Sources */ = {isa = PBXBuildFile; fileRef = 1007EE1D17335E0100514AAD /* TitlePageViewController.m */; };
		1007EE2017335E0100514AAD /* TitlePageViewController.xib in Resources */ = {isa = PBXBuildFile; fileRef = 1007EE1E17335E0100514AAD /* TitlePageViewController.xib */; };
		1007EE25173361BE00514AAD /* Graveyard.jpg in Resources */ = {isa = PBXBuildFile; fileRef = 1007EE24173361BE00514AAD /* Graveyard.jpg */; };
		1007EE2A17336D9500514AAD /* HighScoresViewController.m in Sources */ = {isa = PBXBuildFile; fileRef = 1007EE2917336D9500514AAD /* HighScoresViewController.m */; };
		1007EE2D17336DAC00514AAD /* InstructionsViewController.m in Sources */ = {isa = PBXBuildFile; fileRef = 1007EE2C17336DAC00514AAD /* InstructionsViewController.m */; };
		1007EE311733880700514AAD /* return-button.png in Resources */ = {isa = PBXBuildFile; fileRef = 1007EE301733880700514AAD /* return-button.png */; };
		1007EE3B17339BA500514AAD /* 4.png in Resources */ = {isa = PBXBuildFile; fileRef = 1007EE3217339BA500514AAD /* 4.png */; };
		1007EE3C17339BA500514AAD /* 5.png in Resources */ = {isa = PBXBuildFile; fileRef = 1007EE3317339BA500514AAD /* 5.png */; };
		1007EE3D17339BA500514AAD /* 6.png in Resources */ = {isa = PBXBuildFile; fileRef = 1007EE3417339BA500514AAD /* 6.png */; };
		1007EE3E17339BA500514AAD /* 7.png in Resources */ = {isa = PBXBuildFile; fileRef = 1007EE3517339BA500514AAD /* 7.png */; };
		1007EE3F17339BA500514AAD /* 8.png in Resources */ = {isa = PBXBuildFile; fileRef = 1007EE3617339BA500514AAD /* 8.png */; };
		1007EE4017339BA500514AAD /* 9.png in Resources */ = {isa = PBXBuildFile; fileRef = 1007EE3717339BA500514AAD /* 9.png */; };
		1007EE4117339BA500514AAD /* 3.png in Resources */ = {isa = PBXBuildFile; fileRef = 1007EE3817339BA500514AAD /* 3.png */; };
		1007EE4217339BA500514AAD /* 2.png in Resources */ = {isa = PBXBuildFile; fileRef = 1007EE3917339BA500514AAD /* 2.png */; };
		1007EE4317339BA500514AAD /* 1.png in Resources */ = {isa = PBXBuildFile; fileRef = 1007EE3A17339BA500514AAD /* 1.png */; };
		1043F6211733A37A00D20148 /* shy-1.png in Resources */ = {isa = PBXBuildFile; fileRef = 1043F61F1733A37A00D20148 /* shy-1.png */; };
		1043F6221733A37A00D20148 /* shy-2.png in Resources */ = {isa = PBXBuildFile; fileRef = 1043F6201733A37A00D20148 /* shy-2.png */; };
		1043F6251733A3EE00D20148 /* EnemyShyGuy.m in Sources */ = {isa = PBXBuildFile; fileRef = 1043F6241733A3EE00D20148 /* EnemyShyGuy.m */; };
		105F53EE17325041006CA762 /* GameViewController.m in Sources */ = {isa = PBXBuildFile; fileRef = 105F53ED17325041006CA762 /* GameViewController.m */; };
		108C9F3D173246E2006FB730 /* UIKit.framework in Frameworks */ = {isa = PBXBuildFile; fileRef = 108C9F3C173246E2006FB730 /* UIKit.framework */; };
		108C9F3F173246E2006FB730 /* Foundation.framework in Frameworks */ = {isa = PBXBuildFile; fileRef = 108C9F3E173246E2006FB730 /* Foundation.framework */; };
		108C9F41173246E2006FB730 /* CoreGraphics.framework in Frameworks */ = {isa = PBXBuildFile; fileRef = 108C9F40173246E2006FB730 /* CoreGraphics.framework */; };
		108C9F47173246E2006FB730 /* InfoPlist.strings in Resources */ = {isa = PBXBuildFile; fileRef = 108C9F45173246E2006FB730 /* InfoPlist.strings */; };
		108C9F49173246E2006FB730 /* main.m in Sources */ = {isa = PBXBuildFile; fileRef = 108C9F48173246E2006FB730 /* main.m */; };
		108C9F4D173246E2006FB730 /* AppDelegate.m in Sources */ = {isa = PBXBuildFile; fileRef = 108C9F4C173246E2006FB730 /* AppDelegate.m */; };
		108C9F4F173246E2006FB730 /* Default.png in Resources */ = {isa = PBXBuildFile; fileRef = 108C9F4E173246E2006FB730 /* Default.png */; };
		108C9F51173246E2006FB730 /* Default@2x.png in Resources */ = {isa = PBXBuildFile; fileRef = 108C9F50173246E2006FB730 /* Default@2x.png */; };
		108C9F53173246E2006FB730 /* Default-568h@2x.png in Resources */ = {isa = PBXBuildFile; fileRef = 108C9F52173246E2006FB730 /* Default-568h@2x.png */; };
/* End PBXBuildFile section */

/* Begin PBXFileReference section */
		1007EE1917334D3200514AAD /* BatCharacter.h */ = {isa = PBXFileReference; fileEncoding = 4; lastKnownFileType = sourcecode.c.h; path = BatCharacter.h; sourceTree = "<group>"; };
		1007EE1A17334D3200514AAD /* BatCharacter.m */ = {isa = PBXFileReference; fileEncoding = 4; lastKnownFileType = sourcecode.c.objc; path = BatCharacter.m; sourceTree = "<group>"; };
		1007EE1C17335E0100514AAD /* TitlePageViewController.h */ = {isa = PBXFileReference; fileEncoding = 4; lastKnownFileType = sourcecode.c.h; path = TitlePageViewController.h; sourceTree = "<group>"; };
		1007EE1D17335E0100514AAD /* TitlePageViewController.m */ = {isa = PBXFileReference; fileEncoding = 4; lastKnownFileType = sourcecode.c.objc; path = TitlePageViewController.m; sourceTree = "<group>"; };
		1007EE1E17335E0100514AAD /* TitlePageViewController.xib */ = {isa = PBXFileReference; fileEncoding = 4; lastKnownFileType = file.xib; path = TitlePageViewController.xib; sourceTree = "<group>"; };
		1007EE24173361BE00514AAD /* Graveyard.jpg */ = {isa = PBXFileReference; lastKnownFileType = image.jpeg; path = Graveyard.jpg; sourceTree = "<group>"; };
		1007EE2817336D9500514AAD /* HighScoresViewController.h */ = {isa = PBXFileReference; fileEncoding = 4; lastKnownFileType = sourcecode.c.h; path = HighScoresViewController.h; sourceTree = "<group>"; };
		1007EE2917336D9500514AAD /* HighScoresViewController.m */ = {isa = PBXFileReference; fileEncoding = 4; lastKnownFileType = sourcecode.c.objc; path = HighScoresViewController.m; sourceTree = "<group>"; };
		1007EE2B17336DAC00514AAD /* InstructionsViewController.h */ = {isa = PBXFileReference; fileEncoding = 4; lastKnownFileType = sourcecode.c.h; path = InstructionsViewController.h; sourceTree = "<group>"; };
		1007EE2C17336DAC00514AAD /* InstructionsViewController.m */ = {isa = PBXFileReference; fileEncoding = 4; lastKnownFileType = sourcecode.c.objc; path = InstructionsViewController.m; sourceTree = "<group>"; };
		1007EE301733880700514AAD /* return-button.png */ = {isa = PBXFileReference; lastKnownFileType = image.png; path = "return-button.png"; sourceTree = "<group>"; };
		1007EE3217339BA500514AAD /* 4.png */ = {isa = PBXFileReference; lastKnownFileType = image.png; path = 4.png; sourceTree = "<group>"; };
		1007EE3317339BA500514AAD /* 5.png */ = {isa = PBXFileReference; lastKnownFileType = image.png; path = 5.png; sourceTree = "<group>"; };
		1007EE3417339BA500514AAD /* 6.png */ = {isa = PBXFileReference; lastKnownFileType = image.png; path = 6.png; sourceTree = "<group>"; };
		1007EE3517339BA500514AAD /* 7.png */ = {isa = PBXFileReference; lastKnownFileType = image.png; path = 7.png; sourceTree = "<group>"; };
		1007EE3617339BA500514AAD /* 8.png */ = {isa = PBXFileReference; lastKnownFileType = image.png; path = 8.png; sourceTree = "<group>"; };
		1007EE3717339BA500514AAD /* 9.png */ = {isa = PBXFileReference; lastKnownFileType = image.png; path = 9.png; sourceTree = "<group>"; };
		1007EE3817339BA500514AAD /* 3.png */ = {isa = PBXFileReference; lastKnownFileType = image.png; path = 3.png; sourceTree = "<group>"; };
		1007EE3917339BA500514AAD /* 2.png */ = {isa = PBXFileReference; lastKnownFileType = image.png; path = 2.png; sourceTree = "<group>"; };
		1007EE3A17339BA500514AAD /* 1.png */ = {isa = PBXFileReference; lastKnownFileType = image.png; path = 1.png; sourceTree = "<group>"; };
		1043F61F1733A37A00D20148 /* shy-1.png */ = {isa = PBXFileReference; lastKnownFileType = image.png; path = "shy-1.png"; sourceTree = "<group>"; };
		1043F6201733A37A00D20148 /* shy-2.png */ = {isa = PBXFileReference; lastKnownFileType = image.png; path = "shy-2.png"; sourceTree = "<group>"; };
		1043F6231733A3EE00D20148 /* EnemyShyGuy.h */ = {isa = PBXFileReference; fileEncoding = 4; lastKnownFileType = sourcecode.c.h; path = EnemyShyGuy.h; sourceTree = "<group>"; };
		1043F6241733A3EE00D20148 /* EnemyShyGuy.m */ = {isa = PBXFileReference; fileEncoding = 4; lastKnownFileType = sourcecode.c.objc; path = EnemyShyGuy.m; sourceTree = "<group>"; };
		105F53EC17325041006CA762 /* GameViewController.h */ = {isa = PBXFileReference; fileEncoding = 4; lastKnownFileType = sourcecode.c.h; path = GameViewController.h; sourceTree = "<group>"; };
		105F53ED17325041006CA762 /* GameViewController.m */ = {isa = PBXFileReference; fileEncoding = 4; lastKnownFileType = sourcecode.c.objc; path = GameViewController.m; sourceTree = "<group>"; };
		108C9F39173246E2006FB730 /* Midnight.app */ = {isa = PBXFileReference; explicitFileType = wrapper.application; includeInIndex = 0; path = Midnight.app; sourceTree = BUILT_PRODUCTS_DIR; };
		108C9F3C173246E2006FB730 /* UIKit.framework */ = {isa = PBXFileReference; lastKnownFileType = wrapper.framework; name = UIKit.framework; path = System/Library/Frameworks/UIKit.framework; sourceTree = SDKROOT; };
		108C9F3E173246E2006FB730 /* Foundation.framework */ = {isa = PBXFileReference; lastKnownFileType = wrapper.framework; name = Foundation.framework; path = System/Library/Frameworks/Foundation.framework; sourceTree = SDKROOT; };
		108C9F40173246E2006FB730 /* CoreGraphics.framework */ = {isa = PBXFileReference; lastKnownFileType = wrapper.framework; name = CoreGraphics.framework; path = System/Library/Frameworks/CoreGraphics.framework; sourceTree = SDKROOT; };
		108C9F44173246E2006FB730 /* Midnight-Info.plist */ = {isa = PBXFileReference; lastKnownFileType = text.plist.xml; path = "Midnight-Info.plist"; sourceTree = "<group>"; };
		108C9F46173246E2006FB730 /* en */ = {isa = PBXFileReference; lastKnownFileType = text.plist.strings; name = en; path = en.lproj/InfoPlist.strings; sourceTree = "<group>"; };
		108C9F48173246E2006FB730 /* main.m */ = {isa = PBXFileReference; lastKnownFileType = sourcecode.c.objc; path = main.m; sourceTree = "<group>"; };
		108C9F4A173246E2006FB730 /* Midnight-Prefix.pch */ = {isa = PBXFileReference; lastKnownFileType = sourcecode.c.h; path = "Midnight-Prefix.pch"; sourceTree = "<group>"; };
		108C9F4B173246E2006FB730 /* AppDelegate.h */ = {isa = PBXFileReference; lastKnownFileType = sourcecode.c.h; path = AppDelegate.h; sourceTree = "<group>"; };
		108C9F4C173246E2006FB730 /* AppDelegate.m */ = {isa = PBXFileReference; lastKnownFileType = sourcecode.c.objc; path = AppDelegate.m; sourceTree = "<group>"; };
		108C9F4E173246E2006FB730 /* Default.png */ = {isa = PBXFileReference; lastKnownFileType = image.png; path = Default.png; sourceTree = "<group>"; };
		108C9F50173246E2006FB730 /* Default@2x.png */ = {isa = PBXFileReference; lastKnownFileType = image.png; path = "Default@2x.png"; sourceTree = "<group>"; };
		108C9F52173246E2006FB730 /* Default-568h@2x.png */ = {isa = PBXFileReference; lastKnownFileType = image.png; path = "Default-568h@2x.png"; sourceTree = "<group>"; };
/* End PBXFileReference section */

/* Begin PBXFrameworksBuildPhase section */
		108C9F36173246E2006FB730 /* Frameworks */ = {
			isa = PBXFrameworksBuildPhase;
			buildActionMask = 2147483647;
			files = (
				108C9F3D173246E2006FB730 /* UIKit.framework in Frameworks */,
				108C9F3F173246E2006FB730 /* Foundation.framework in Frameworks */,
				108C9F41173246E2006FB730 /* CoreGraphics.framework in Frameworks */,
			);
			runOnlyForDeploymentPostprocessing = 0;
		};
/* End PBXFrameworksBuildPhase section */

/* Begin PBXGroup section */
		1007EE211733617B00514AAD /* Assets */ = {
			isa = PBXGroup;
			children = (
				1043F61E1733A33C00D20148 /* ShyGuy Sprite */,
				105F53E517324F0A006CA762 /* Bat Sprites */,
				1007EE301733880700514AAD /* return-button.png */,
				1007EE24173361BE00514AAD /* Graveyard.jpg */,
			);
			name = Assets;
			sourceTree = "<group>";
		};
		1007EE2617336D2500514AAD /* Model */ = {
			isa = PBXGroup;
			children = (
				1007EE1917334D3200514AAD /* BatCharacter.h */,
				1007EE1A17334D3200514AAD /* BatCharacter.m */,
				1043F6231733A3EE00D20148 /* EnemyShyGuy.h */,
				1043F6241733A3EE00D20148 /* EnemyShyGuy.m */,
			);
			name = Model;
			sourceTree = "<group>";
		};
		1007EE2717336D3B00514AAD /* Controller */ = {
			isa = PBXGroup;
			children = (
				105F53EC17325041006CA762 /* GameViewController.h */,
				105F53ED17325041006CA762 /* GameViewController.m */,
				1007EE1C17335E0100514AAD /* TitlePageViewController.h */,
				1007EE1D17335E0100514AAD /* TitlePageViewController.m */,
				1007EE1E17335E0100514AAD /* TitlePageViewController.xib */,
				1007EE2817336D9500514AAD /* HighScoresViewController.h */,
				1007EE2917336D9500514AAD /* HighScoresViewController.m */,
				1007EE2B17336DAC00514AAD /* InstructionsViewController.h */,
				1007EE2C17336DAC00514AAD /* InstructionsViewController.m */,
			);
			name = Controller;
			sourceTree = "<group>";
		};
		1043F61E1733A33C00D20148 /* ShyGuy Sprite */ = {
			isa = PBXGroup;
			children = (
				1043F61F1733A37A00D20148 /* shy-1.png */,
				1043F6201733A37A00D20148 /* shy-2.png */,
			);
			name = "ShyGuy Sprite";
			sourceTree = "<group>";
		};
		105F53E517324F0A006CA762 /* Bat Sprites */ = {
			isa = PBXGroup;
			children = (
				1007EE3217339BA500514AAD /* 4.png */,
				1007EE3317339BA500514AAD /* 5.png */,
				1007EE3417339BA500514AAD /* 6.png */,
				1007EE3517339BA500514AAD /* 7.png */,
				1007EE3617339BA500514AAD /* 8.png */,
				1007EE3717339BA500514AAD /* 9.png */,
				1007EE3817339BA500514AAD /* 3.png */,
				1007EE3917339BA500514AAD /* 2.png */,
				1007EE3A17339BA500514AAD /* 1.png */,
			);
			name = "Bat Sprites";
			sourceTree = "<group>";
		};
		108C9F30173246E2006FB730 = {
			isa = PBXGroup;
			children = (
				108C9F42173246E2006FB730 /* Midnight */,
				108C9F3B173246E2006FB730 /* Frameworks */,
				108C9F3A173246E2006FB730 /* Products */,
			);
			sourceTree = "<group>";
		};
		108C9F3A173246E2006FB730 /* Products */ = {
			isa = PBXGroup;
			children = (
				108C9F39173246E2006FB730 /* Midnight.app */,
			);
			name = Products;
			sourceTree = "<group>";
		};
		108C9F3B173246E2006FB730 /* Frameworks */ = {
			isa = PBXGroup;
			children = (
				108C9F3C173246E2006FB730 /* UIKit.framework */,
				108C9F3E173246E2006FB730 /* Foundation.framework */,
				108C9F40173246E2006FB730 /* CoreGraphics.framework */,
			);
			name = Frameworks;
			sourceTree = "<group>";
		};
		108C9F42173246E2006FB730 /* Midnight */ = {
			isa = PBXGroup;
			children = (
				1007EE2617336D2500514AAD /* Model */,
				1007EE2717336D3B00514AAD /* Controller */,
				1007EE211733617B00514AAD /* Assets */,
				108C9F4B173246E2006FB730 /* AppDelegate.h */,
				108C9F4C173246E2006FB730 /* AppDelegate.m */,
				108C9F43173246E2006FB730 /* Supporting Files */,
			);
			path = Midnight;
			sourceTree = "<group>";
		};
		108C9F43173246E2006FB730 /* Supporting Files */ = {
			isa = PBXGroup;
			children = (
				108C9F44173246E2006FB730 /* Midnight-Info.plist */,
				108C9F45173246E2006FB730 /* InfoPlist.strings */,
				108C9F48173246E2006FB730 /* main.m */,
				108C9F4A173246E2006FB730 /* Midnight-Prefix.pch */,
				108C9F4E173246E2006FB730 /* Default.png */,
				108C9F50173246E2006FB730 /* Default@2x.png */,
				108C9F52173246E2006FB730 /* Default-568h@2x.png */,
			);
			name = "Supporting Files";
			sourceTree = "<group>";
		};
/* End PBXGroup section */

/* Begin PBXNativeTarget section */
		108C9F38173246E2006FB730 /* Midnight */ = {
			isa = PBXNativeTarget;
			buildConfigurationList = 108C9F56173246E2006FB730 /* Build configuration list for PBXNativeTarget "Midnight" */;
			buildPhases = (
				108C9F35173246E2006FB730 /* Sources */,
				108C9F36173246E2006FB730 /* Frameworks */,
				108C9F37173246E2006FB730 /* Resources */,
			);
			buildRules = (
			);
			dependencies = (
			);
			name = Midnight;
			productName = Midnight;
			productReference = 108C9F39173246E2006FB730 /* Midnight.app */;
			productType = "com.apple.product-type.application";
		};
/* End PBXNativeTarget section */

/* Begin PBXProject section */
		108C9F31173246E2006FB730 /* Project object */ = {
			isa = PBXProject;
			attributes = {
				LastUpgradeCheck = 0460;
				ORGANIZATIONNAME = "Franz Carelle Alcoba";
			};
			buildConfigurationList = 108C9F34173246E2006FB730 /* Build configuration list for PBXProject "Midnight" */;
			compatibilityVersion = "Xcode 3.2";
			developmentRegion = English;
			hasScannedForEncodings = 0;
			knownRegions = (
				en,
			);
			mainGroup = 108C9F30173246E2006FB730;
			productRefGroup = 108C9F3A173246E2006FB730 /* Products */;
			projectDirPath = "";
			projectRoot = "";
			targets = (
				108C9F38173246E2006FB730 /* Midnight */,
			);
		};
/* End PBXProject section */

/* Begin PBXResourcesBuildPhase section */
		108C9F37173246E2006FB730 /* Resources */ = {
			isa = PBXResourcesBuildPhase;
			buildActionMask = 2147483647;
			files = (
				108C9F47173246E2006FB730 /* InfoPlist.strings in Resources */,
				108C9F4F173246E2006FB730 /* Default.png in Resources */,
				108C9F51173246E2006FB730 /* Default@2x.png in Resources */,
				108C9F53173246E2006FB730 /* Default-568h@2x.png in Resources */,
				1007EE2017335E0100514AAD /* TitlePageViewController.xib in Resources */,
				1007EE25173361BE00514AAD /* Graveyard.jpg in Resources */,
				1007EE311733880700514AAD /* return-button.png in Resources */,
				1007EE3B17339BA500514AAD /* 4.png in Resources */,
				1007EE3C17339BA500514AAD /* 5.png in Resources */,
				1007EE3D17339BA500514AAD /* 6.png in Resources */,
				1007EE3E17339BA500514AAD /* 7.png in Resources */,
				1007EE3F17339BA500514AAD /* 8.png in Resources */,
				1007EE4017339BA500514AAD /* 9.png in Resources */,
				1007EE4117339BA500514AAD /* 3.png in Resources */,
				1007EE4217339BA500514AAD /* 2.png in Resources */,
				1007EE4317339BA500514AAD /* 1.png in Resources */,
				1043F6211733A37A00D20148 /* shy-1.png in Resources */,
				1043F6221733A37A00D20148 /* shy-2.png in Resources */,
			);
			runOnlyForDeploymentPostprocessing = 0;
		};
/* End PBXResourcesBuildPhase section */

/* Begin PBXSourcesBuildPhase section */
		108C9F35173246E2006FB730 /* Sources */ = {
			isa = PBXSourcesBuildPhase;
			buildActionMask = 2147483647;
			files = (
				108C9F49173246E2006FB730 /* main.m in Sources */,
				108C9F4D173246E2006FB730 /* AppDelegate.m in Sources */,
				105F53EE17325041006CA762 /* GameViewController.m in Sources */,
				1007EE1B17334D3200514AAD /* BatCharacter.m in Sources */,
				1007EE1F17335E0100514AAD /* TitlePageViewController.m in Sources */,
				1007EE2A17336D9500514AAD /* HighScoresViewController.m in Sources */,
				1007EE2D17336DAC00514AAD /* InstructionsViewController.m in Sources */,
				1043F6251733A3EE00D20148 /* EnemyShyGuy.m in Sources */,
			);
			runOnlyForDeploymentPostprocessing = 0;
		};
/* End PBXSourcesBuildPhase section */

/* Begin PBXVariantGroup section */
		108C9F45173246E2006FB730 /* InfoPlist.strings */ = {
			isa = PBXVariantGroup;
			children = (
				108C9F46173246E2006FB730 /* en */,
			);
			name = InfoPlist.strings;
			sourceTree = "<group>";
		};
/* End PBXVariantGroup section */

/* Begin XCBuildConfiguration section */
		108C9F54173246E2006FB730 /* Debug */ = {
			isa = XCBuildConfiguration;
			buildSettings = {
				ALWAYS_SEARCH_USER_PATHS = NO;
				CLANG_CXX_LANGUAGE_STANDARD = "gnu++0x";
				CLANG_CXX_LIBRARY = "libc++";
				CLANG_WARN_CONSTANT_CONVERSION = YES;
				CLANG_WARN_EMPTY_BODY = YES;
				CLANG_WARN_ENUM_CONVERSION = YES;
				CLANG_WARN_INT_CONVERSION = YES;
				CLANG_WARN__DUPLICATE_METHOD_MATCH = YES;
				"CODE_SIGN_IDENTITY[sdk=iphoneos*]" = "iPhone Developer";
				COPY_PHASE_STRIP = NO;
				GCC_C_LANGUAGE_STANDARD = gnu99;
				GCC_DYNAMIC_NO_PIC = NO;
				GCC_OPTIMIZATION_LEVEL = 0;
				GCC_PREPROCESSOR_DEFINITIONS = (
					"DEBUG=1",
					"$(inherited)",
				);
				GCC_SYMBOLS_PRIVATE_EXTERN = NO;
				GCC_WARN_ABOUT_RETURN_TYPE = YES;
				GCC_WARN_UNINITIALIZED_AUTOS = YES;
				GCC_WARN_UNUSED_VARIABLE = YES;
				IPHONEOS_DEPLOYMENT_TARGET = 6.1;
				ONLY_ACTIVE_ARCH = YES;
				SDKROOT = iphoneos;
			};
			name = Debug;
		};
		108C9F55173246E2006FB730 /* Release */ = {
			isa = XCBuildConfiguration;
			buildSettings = {
				ALWAYS_SEARCH_USER_PATHS = NO;
				CLANG_CXX_LANGUAGE_STANDARD = "gnu++0x";
				CLANG_CXX_LIBRARY = "libc++";
				CLANG_WARN_CONSTANT_CONVERSION = YES;
				CLANG_WARN_EMPTY_BODY = YES;
				CLANG_WARN_ENUM_CONVERSION = YES;
				CLANG_WARN_INT_CONVERSION = YES;
				CLANG_WARN__DUPLICATE_METHOD_MATCH = YES;
				"CODE_SIGN_IDENTITY[sdk=iphoneos*]" = "iPhone Developer";
				COPY_PHASE_STRIP = YES;
				GCC_C_LANGUAGE_STANDARD = gnu99;
				GCC_WARN_ABOUT_RETURN_TYPE = YES;
				GCC_WARN_UNINITIALIZED_AUTOS = YES;
				GCC_WARN_UNUSED_VARIABLE = YES;
				IPHONEOS_DEPLOYMENT_TARGET = 6.1;
				OTHER_CFLAGS = "-DNS_BLOCK_ASSERTIONS=1";
				SDKROOT = iphoneos;
				VALIDATE_PRODUCT = YES;
			};
			name = Release;
		};
		108C9F57173246E2006FB730 /* Debug */ = {
			isa = XCBuildConfiguration;
			buildSettings = {
				CODE_SIGN_IDENTITY = "iPhone Developer: Jhermin Cruz (723WF65B7J)";
				"CODE_SIGN_IDENTITY[sdk=iphoneos*]" = "iPhone Developer: Jhermin Cruz (723WF65B7J)";
				GCC_PRECOMPILE_PREFIX_HEADER = YES;
				GCC_PREFIX_HEADER = "Midnight/Midnight-Prefix.pch";
				INFOPLIST_FILE = "Midnight/Midnight-Info.plist";
				PRODUCT_NAME = "$(TARGET_NAME)";
				PROVISIONING_PROFILE = "4A3D8327-8EDA-4453-9B28-5BC7C04B2CA4";
				"PROVISIONING_PROFILE[sdk=iphoneos*]" = "4A3D8327-8EDA-4453-9B28-5BC7C04B2CA4";
				WRAPPER_EXTENSION = app;
			};
			name = Debug;
		};
		108C9F58173246E2006FB730 /* Release */ = {
			isa = XCBuildConfiguration;
			buildSettings = {
				CODE_SIGN_IDENTITY = "iPhone Developer: Jhermin Cruz (723WF65B7J)";
				"CODE_SIGN_IDENTITY[sdk=iphoneos*]" = "iPhone Developer: Jhermin Cruz (723WF65B7J)";
				GCC_PRECOMPILE_PREFIX_HEADER = YES;
				GCC_PREFIX_HEADER = "Midnight/Midnight-Prefix.pch";
				INFOPLIST_FILE = "Midnight/Midnight-Info.plist";
				PRODUCT_NAME = "$(TARGET_NAME)";
				PROVISIONING_PROFILE = "4A3D8327-8EDA-4453-9B28-5BC7C04B2CA4";
				"PROVISIONING_PROFILE[sdk=iphoneos*]" = "4A3D8327-8EDA-4453-9B28-5BC7C04B2CA4";
				WRAPPER_EXTENSION = app;
			};
			name = Release;
		};
/* End XCBuildConfiguration section */

/* Begin XCConfigurationList section */
		108C9F34173246E2006FB730 /* Build configuration list for PBXProject "Midnight" */ = {
			isa = XCConfigurationList;
			buildConfigurations = (
				108C9F54173246E2006FB730 /* Debug */,
				108C9F55173246E2006FB730 /* Release */,
			);
			defaultConfigurationIsVisible = 0;
			defaultConfigurationName = Release;
		};
		108C9F56173246E2006FB730 /* Build configuration list for PBXNativeTarget "Midnight" */ = {
			isa = XCConfigurationList;
			buildConfigurations = (
				108C9F57173246E2006FB730 /* Debug */,
				108C9F58173246E2006FB730 /* Release */,
			);
			defaultConfigurationIsVisible = 0;
			defaultConfigurationName = Release;
		};
/* End XCConfigurationList section */
	};
	rootObject = 108C9F31173246E2006FB730 /* Project object */;
}
